<?xml version="1.0" encoding="utf-8"?>
<Project ToolsVersion="4.0" xmlns="http://schemas.microsoft.com/developer/msbuild/2003">
  <ItemGroup>
    <Filter Include="Source Files">
      <UniqueIdentifier>{4FC737F1-C7A5-4376-A066-2A32D752A2FF}</UniqueIdentifier>
      <Extensions>cpp;c;cc;cxx;c++;cppm;ixx;def;odl;idl;hpj;bat;asm;asmx</Extensions>
    </Filter>
    <Filter Include="Header Files">
      <UniqueIdentifier>{93995380-89BD-4b04-88EB-625FBE52EBFB}</UniqueIdentifier>
      <Extensions>h;hh;hpp;hxx;h++;hm;inl;inc;ipp;xsd</Extensions>
    </Filter>
    <Filter Include="Resource Files">
      <UniqueIdentifier>{67DA6AB6-F800-4c08-8B7A-83BB121AAD01}</UniqueIdentifier>
      <Extensions>rc;ico;cur;bmp;dlg;rc2;rct;bin;rgs;gif;jpg;jpeg;jpe;resx;tiff;tif;png;wav;mfcribbon-ms</Extensions>
    </Filter>
    <Filter Include="Header Files\include">
      <UniqueIdentifier>{dec51622-4846-4952-8f18-e60a860e0752}</UniqueIdentifier>
    </Filter>
    <Filter Include="Header Files\include\cpputils">
      <UniqueIdentifier>{dff403f8-737c-4d46-a65f-fbe0c856765a}</UniqueIdentifier>
    </Filter>
    <Filter Include="Header Files\include\cpputils\impl">
      <UniqueIdentifier>{887c4666-8433-4616-9c0c-153c0a4e8a1f}</UniqueIdentifier>
    </Filter>
    <Filter Include="Header Files\include\cinternal">
      <UniqueIdentifier>{132bbae9-871c-42c1-8b9f-08dd2a387576}</UniqueIdentifier>
    </Filter>
    <Filter Include="Header Files\include\cpputils\hash">
      <UniqueIdentifier>{1ebbf63b-4380-4de1-bd98-c0eb46be435f}</UniqueIdentifier>
    </Filter>
    <Filter Include="Header Files\include\cpputils\hash\mt">
      <UniqueIdentifier>{7b05f53a-dd59-400d-bb17-cd89cff12a6e}</UniqueIdentifier>
    </Filter>
    <Filter Include="Header Files\include\cpputils\hash\templ">
      <UniqueIdentifier>{c10d5f07-faf6-4433-8da1-78818f0bc664}</UniqueIdentifier>
    </Filter>
  </ItemGroup>
  <ItemGroup>
    <ClCompile Include="..\..\..\contrib\cinternal\src\core\cinternal_core_hash.c">
      <Filter>Source Files</Filter>
    </ClCompile>
    <ClCompile Include="..\..\..\src\core\cpputils_hash_listhash.cpp">
      <Filter>Source Files</Filter>
    </ClCompile>
    <ClCompile Include="..\..\..\src\core\cpputils_hash_purehash.cpp">
      <Filter>Source Files</Filter>
    </ClCompile>
    <ClCompile Include="..\..\..\src\tests\main_mthash_test.cpp">
      <Filter>Source Files</Filter>
    </ClCompile>
    <ClCompile Include="..\..\..\src\core\cpputils_hash_mt_listhash.cpp">
      <Filter>Source Files</Filter>
    </ClCompile>
    <ClCompile Include="..\..\..\src\core\cpputils_hash_base.cpp">
      <Filter>Source Files</Filter>
    </ClCompile>
    <ClCompile Include="..\..\..\src\core\cpputils_hash_vecthash.cpp">
      <Filter>Source Files</Filter>
    </ClCompile>
    <ClCompile Include="..\..\..\src\core\cpputils_hash_mt_vecthash.cpp">
      <Filter>Source Files</Filter>
    </ClCompile>
  </ItemGroup>
  <ItemGroup>
    <ClInclude Include="..\..\..\include\cpputils\export_symbols.h">
      <Filter>Header Files\include\cpputils</Filter>
    </ClInclude>
    <ClInclude Include="..\..\..\contrib\cinternal\include\cinternal\hash.h">
      <Filter>Header Files\include\cinternal</Filter>
    </ClInclude>
    <ClInclude Include="..\..\..\include\cpputils\hash\listhash.hpp">
      <Filter>Header Files\include\cpputils\hash</Filter>
    </ClInclude>
    <ClInclude Include="..\..\..\include\cpputils\hash\purehash.hpp">
      <Filter>Header Files\include\cpputils\hash</Filter>
    </ClInclude>
    <ClInclude Include="..\..\..\include\cpputils\impl\cpputils_hash_listhash.impl.hpp">
      <Filter>Header Files\include\cpputils\impl</Filter>
    </ClInclude>
    <ClInclude Include="..\..\..\include\cpputils\hash\mt\listhash.hpp">
      <Filter>Header Files\include\cpputils\hash\mt</Filter>
    </ClInclude>
    <ClInclude Include="..\..\..\include\cpputils\hash\mt\purehash.hpp">
      <Filter>Header Files\include\cpputils\hash\mt</Filter>
    </ClInclude>
    <ClInclude Include="..\..\..\include\cpputils\impl\cpputils_hash_mt_listhash.impl.hpp">
      <Filter>Header Files\include\cpputils\impl</Filter>
    </ClInclude>
    <ClInclude Include="..\..\..\include\cpputils\hash\base.hpp">
      <Filter>Header Files\include\cpputils\hash</Filter>
    </ClInclude>
    <ClInclude Include="..\..\..\include\cpputils\impl\cpputils_hash_base.impl.hpp">
      <Filter>Header Files\include\cpputils\impl</Filter>
    </ClInclude>
    <ClInclude Include="..\..\..\include\cpputils\hash\templ\base.hpp">
      <Filter>Header Files\include\cpputils\hash\templ</Filter>
    </ClInclude>
    <ClInclude Include="..\..\..\include\cpputils\hash\templ\listhash.hpp">
      <Filter>Header Files\include\cpputils\hash\templ</Filter>
    </ClInclude>
    <ClInclude Include="..\..\..\include\cpputils\hash\templ\purehash.hpp">
      <Filter>Header Files\include\cpputils\hash\templ</Filter>
    </ClInclude>
    <ClInclude Include="..\..\..\include\cpputils\impl\cpputils_hash_templ_base.impl.hpp">
      <Filter>Header Files\include\cpputils\impl</Filter>
    </ClInclude>
    <ClInclude Include="..\..\..\include\cpputils\impl\cpputils_hash_templ_listhash.impl.hpp">
      <Filter>Header Files\include\cpputils\impl</Filter>
    </ClInclude>
    <ClInclude Include="..\..\..\include\cpputils\hash\mt\base.hpp">
      <Filter>Header Files\include\cpputils\hash\mt</Filter>
    </ClInclude>
    <ClInclude Include="..\..\..\include\cpputils\impl\cpputils_hash_mt_base.impl.hpp">
      <Filter>Header Files\include\cpputils\impl</Filter>
    </ClInclude>
    <ClInclude Include="..\..\..\include\cpputils\impl\cpputils_hash_purehash.impl.hpp">
      <Filter>Header Files\include\cpputils\impl</Filter>
    </ClInclude>
    <ClInclude Include="..\..\..\include\cpputils\hash\vecthash.hpp">
      <Filter>Header Files\include\cpputils\hash</Filter>
    </ClInclude>
    <ClInclude Include="..\..\..\include\cpputils\impl\cpputils_hash_vecthash.impl.hpp">
      <Filter>Header Files\include\cpputils\impl</Filter>
    </ClInclude>
    <ClInclude Include="..\..\..\include\cpputils\hash\mt\vecthash.hpp">
      <Filter>Header Files\include\cpputils\hash\mt</Filter>
    </ClInclude>
    <ClInclude Include="..\..\..\include\cpputils\impl\cpputils_hash_mt_vecthash.impl.hpp">
      <Filter>Header Files\include\cpputils\impl</Filter>
    </ClInclude>
    <ClInclude Include="..\..\..\include\cpputils\hash\templ\vecthash.hpp">
      <Filter>Header Files\include\cpputils\hash\templ</Filter>
    </ClInclude>
    <ClInclude Include="..\..\..\include\cpputils\impl\cpputils_hash_templ_vecthash.impl.hpp">
      <Filter>Header Files\include\cpputils\impl</Filter>
    </ClInclude>
    <ClInclude Include="..\..\..\include\cpputils\impl\cpputils_hash_templ_purehash.impl.hpp">
      <Filter>Header Files\include\cpputils\impl</Filter>
    </ClInclude>
  </ItemGroup>
</Project>