
Microsoft Visual Studio Solution File, Format Version 12.00
# Visual Studio Version 17
VisualStudioVersion = 17.14.36310.24
MinimumVisualStudioVersion = 10.0.40219.1
Project("{8BC9CEB8-8B4A-11D0-8D11-00A0C91BC942}") = "mthash_test", "mthash_test.vcxproj", "{C90EF81D-6ACA-44D8-8E8D-5F3FCA6F2D32}"
EndProject
Global
	GlobalSection(SolutionConfigurationPlatforms) = preSolution
		Debug|ARM = Debug|ARM
		Debug|ARM64 = Debug|ARM64
		Debug|x64 = Debug|x64
		Debug|x86 = Debug|x86
		Release|ARM = Release|ARM
		Release|ARM64 = Release|ARM64
		Release|x64 = Release|x64
		Release|x86 = Release|x86
	EndGlobalSection
	GlobalSection(ProjectConfigurationPlatforms) = postSolution
		{C90EF81D-6ACA-44D8-8E8D-5F3FCA6F2D32}.Debug|ARM.ActiveCfg = Debug|ARM
		{C90EF81D-6ACA-44D8-8E8D-5F3FCA6F2D32}.Debug|ARM.Build.0 = Debug|ARM
		{C90EF81D-6ACA-44D8-8E8D-5F3FCA6F2D32}.Debug|ARM64.ActiveCfg = Debug|ARM64
		{C90EF81D-6ACA-44D8-8E8D-5F3FCA6F2D32}.Debug|ARM64.Build.0 = Debug|ARM64
		{C90EF81D-6ACA-44D8-8E8D-5F3FCA6F2D32}.Debug|x64.ActiveCfg = Debug|x64
		{C90EF81D-6ACA-44D8-8E8D-5F3FCA6F2D32}.Debug|x64.Build.0 = Debug|x64
		{C90EF81D-6ACA-44D8-8E8D-5F3FCA6F2D32}.Debug|x86.ActiveCfg = Debug|Win32
		{C90EF81D-6ACA-44D8-8E8D-5F3FCA6F2D32}.Debug|x86.Build.0 = Debug|Win32
		{C90EF81D-6ACA-44D8-8E8D-5F3FCA6F2D32}.Release|ARM.ActiveCfg = Release|ARM
		{C90EF81D-6ACA-44D8-8E8D-5F3FCA6F2D32}.Release|ARM.Build.0 = Release|ARM
		{C90EF81D-6ACA-44D8-8E8D-5F3FCA6F2D32}.Release|ARM64.ActiveCfg = Release|ARM64
		{C90EF81D-6ACA-44D8-8E8D-5F3FCA6F2D32}.Release|ARM64.Build.0 = Release|ARM64
		{C90EF81D-6ACA-44D8-8E8D-5F3FCA6F2D32}.Release|x64.ActiveCfg = Release|x64
		{C90EF81D-6ACA-44D8-8E8D-5F3FCA6F2D32}.Release|x64.Build.0 = Release|x64
		{C90EF81D-6ACA-44D8-8E8D-5F3FCA6F2D32}.Release|x86.ActiveCfg = Release|Win32
		{C90EF81D-6ACA-44D8-8E8D-5F3FCA6F2D32}.Release|x86.Build.0 = Release|Win32
	EndGlobalSection
	GlobalSection(SolutionProperties) = preSolution
		HideSolutionNode = FALSE
	EndGlobalSection
	GlobalSection(ExtensibilityGlobals) = postSolution
		SolutionGuid = {65B458B0-7667-422D-A188-F0F68A56CE92}
	EndGlobalSection
EndGlobal
